
Microsoft Visual Studio Solution File, Format Version 11.00
# Visual Studio 2010
Project("{FAE04EC0-301F-11D3-BF4B-00C04F79EFBC}") = "Creelio.Framework", "Creelio.Framework\Creelio.Framework.csproj", "{E55167AB-5744-4577-8A2E-BC8D474D3B34}"
EndProject
Project("{FAE04EC0-301F-11D3-BF4B-00C04F79EFBC}") = "Creelio.Framework.Test", "Creelio.Framework.Test\Creelio.Framework.Test.csproj", "{FBFE9F6E-C9F9-4235-B278-9FD12EF4B6EA}"
EndProject
Project("{2150E333-8FDC-42A3-9474-1A3956D46DE8}") = "Solution Items", "Solution Items", "{888F72CE-822C-4CB8-B118-FD5ADB0370AE}"
	ProjectSection(SolutionItems) = preProject
		Creelio.Framework.vsmdi = Creelio.Framework.vsmdi
		Local.testsettings = Local.testsettings
		TraceAndTestImpact.testsettings = TraceAndTestImpact.testsettings
	EndProjectSection
EndProject
Global
	GlobalSection(TestCaseManagementSettings) = postSolution
		CategoryFile = Creelio.Framework.vsmdi
	EndGlobalSection
	GlobalSection(SolutionConfigurationPlatforms) = preSolution
		Debug|Any CPU = Debug|Any CPU
		Release|Any CPU = Release|Any CPU
	EndGlobalSection
	GlobalSection(ProjectConfigurationPlatforms) = postSolution
		{E55167AB-5744-4577-8A2E-BC8D474D3B34}.Debug|Any CPU.ActiveCfg = Debug|Any CPU
		{E55167AB-5744-4577-8A2E-BC8D474D3B34}.Debug|Any CPU.Build.0 = Debug|Any CPU
		{E55167AB-5744-4577-8A2E-BC8D474D3B34}.Release|Any CPU.ActiveCfg = Release|Any CPU
		{E55167AB-5744-4577-8A2E-BC8D474D3B34}.Release|Any CPU.Build.0 = Release|Any CPU
		{FBFE9F6E-C9F9-4235-B278-9FD12EF4B6EA}.Debug|Any CPU.ActiveCfg = Debug|Any CPU
		{FBFE9F6E-C9F9-4235-B278-9FD12EF4B6EA}.Debug|Any CPU.Build.0 = Debug|Any CPU
		{FBFE9F6E-C9F9-4235-B278-9FD12EF4B6EA}.Release|Any CPU.ActiveCfg = Release|Any CPU
		{FBFE9F6E-C9F9-4235-B278-9FD12EF4B6EA}.Release|Any CPU.Build.0 = Release|Any CPU
	EndGlobalSection
	GlobalSection(SolutionProperties) = preSolution
		HideSolutionNode = FALSE
	EndGlobalSection
EndGlobal
